// !$*UTF8*$!
{
	archiveVersion = 1;
	classes = {
	};
	objectVersion = 50;
	objects = {

/* Begin PBXBuildFile section */
		040AB1CB25E9C165003DE4BB /* QuestionManager.m in Sources */ = {isa = PBXBuildFile; fileRef = 040AB1CA25E9C165003DE4BB /* QuestionManager.m */; };
		043A148125EC0E5000241F58 /* AdditionQuestion.m in Sources */ = {isa = PBXBuildFile; fileRef = 043A148025EC0E5000241F58 /* AdditionQuestion.m */; };
		043A148725EC139500241F58 /* QuestionFactory.m in Sources */ = {isa = PBXBuildFile; fileRef = 043A148625EC139500241F58 /* QuestionFactory.m */; };
		043A148E25EC1CEC00241F58 /* SubstractionQuestion.m in Sources */ = {isa = PBXBuildFile; fileRef = 043A148D25EC1CEC00241F58 /* SubstractionQuestion.m */; };
		043A149225EC1D1B00241F58 /* MltiplicationQuestion.m in Sources */ = {isa = PBXBuildFile; fileRef = 043A149125EC1D1B00241F58 /* MltiplicationQuestion.m */; };
		043A149625EC1D4500241F58 /* DivisionQuestion.m in Sources */ = {isa = PBXBuildFile; fileRef = 043A149525EC1D4500241F58 /* DivisionQuestion.m */; };
		04F4737925E79109009C8768 /* main.m in Sources */ = {isa = PBXBuildFile; fileRef = 04F4737825E79109009C8768 /* main.m */; };
		04F4738425E7966E009C8768 /* Question.m in Sources */ = {isa = PBXBuildFile; fileRef = 04F4738325E7966E009C8768 /* Question.m */; };
		04F4738A25E7A31A009C8768 /* InputHandler.m in Sources */ = {isa = PBXBuildFile; fileRef = 04F4738925E7A31A009C8768 /* InputHandler.m */; };
		04F4739125E7A5CD009C8768 /* ScoreKeeper.m in Sources */ = {isa = PBXBuildFile; fileRef = 04F4739025E7A5CD009C8768 /* ScoreKeeper.m */; };
/* End PBXBuildFile section */

/* Begin PBXCopyFilesBuildPhase section */
		04F4737325E79109009C8768 /* CopyFiles */ = {
			isa = PBXCopyFilesBuildPhase;
			buildActionMask = 2147483647;
			dstPath = /usr/share/man/man1/;
			dstSubfolderSpec = 0;
			files = (
			);
			runOnlyForDeploymentPostprocessing = 1;
		};
/* End PBXCopyFilesBuildPhase section */

/* Begin PBXFileReference section */
		040AB1C925E9C165003DE4BB /* QuestionManager.h */ = {isa = PBXFileReference; lastKnownFileType = sourcecode.c.h; path = QuestionManager.h; sourceTree = "<group>"; };
		040AB1CA25E9C165003DE4BB /* QuestionManager.m */ = {isa = PBXFileReference; lastKnownFileType = sourcecode.c.objc; path = QuestionManager.m; sourceTree = "<group>"; };
		043A147F25EC0E5000241F58 /* AdditionQuestion.h */ = {isa = PBXFileReference; lastKnownFileType = sourcecode.c.h; path = AdditionQuestion.h; sourceTree = "<group>"; };
		043A148025EC0E5000241F58 /* AdditionQuestion.m */ = {isa = PBXFileReference; lastKnownFileType = sourcecode.c.objc; path = AdditionQuestion.m; sourceTree = "<group>"; };
		043A148525EC139500241F58 /* QuestionFactory.h */ = {isa = PBXFileReference; lastKnownFileType = sourcecode.c.h; path = QuestionFactory.h; sourceTree = "<group>"; };
		043A148625EC139500241F58 /* QuestionFactory.m */ = {isa = PBXFileReference; lastKnownFileType = sourcecode.c.objc; path = QuestionFactory.m; sourceTree = "<group>"; };
		043A148C25EC1CEC00241F58 /* SubstractionQuestion.h */ = {isa = PBXFileReference; lastKnownFileType = sourcecode.c.h; path = SubstractionQuestion.h; sourceTree = "<group>"; };
		043A148D25EC1CEC00241F58 /* SubstractionQuestion.m */ = {isa = PBXFileReference; lastKnownFileType = sourcecode.c.objc; path = SubstractionQuestion.m; sourceTree = "<group>"; };
		043A149025EC1D1B00241F58 /* MltiplicationQuestion.h */ = {isa = PBXFileReference; lastKnownFileType = sourcecode.c.h; path = MltiplicationQuestion.h; sourceTree = "<group>"; };
		043A149125EC1D1B00241F58 /* MltiplicationQuestion.m */ = {isa = PBXFileReference; lastKnownFileType = sourcecode.c.objc; path = MltiplicationQuestion.m; sourceTree = "<group>"; };
		043A149425EC1D4500241F58 /* DivisionQuestion.h */ = {isa = PBXFileReference; lastKnownFileType = sourcecode.c.h; path = DivisionQuestion.h; sourceTree = "<group>"; };
		043A149525EC1D4500241F58 /* DivisionQuestion.m */ = {isa = PBXFileReference; lastKnownFileType = sourcecode.c.objc; path = DivisionQuestion.m; sourceTree = "<group>"; };
		04F4737525E79109009C8768 /* Lab3 */ = {isa = PBXFileReference; explicitFileType = "compiled.mach-o.executable"; includeInIndex = 0; path = Lab3; sourceTree = BUILT_PRODUCTS_DIR; };
		04F4737825E79109009C8768 /* main.m */ = {isa = PBXFileReference; lastKnownFileType = sourcecode.c.objc; path = main.m; sourceTree = "<group>"; };
		04F4738225E7966E009C8768 /* Question.h */ = {isa = PBXFileReference; lastKnownFileType = sourcecode.c.h; path = Question.h; sourceTree = "<group>"; };
		04F4738325E7966E009C8768 /* Question.m */ = {isa = PBXFileReference; lastKnownFileType = sourcecode.c.objc; path = Question.m; sourceTree = "<group>"; };
		04F4738825E7A31A009C8768 /* InputHandler.h */ = {isa = PBXFileReference; lastKnownFileType = sourcecode.c.h; path = InputHandler.h; sourceTree = "<group>"; };
		04F4738925E7A31A009C8768 /* InputHandler.m */ = {isa = PBXFileReference; lastKnownFileType = sourcecode.c.objc; path = InputHandler.m; sourceTree = "<group>"; };
		04F4738F25E7A5CD009C8768 /* ScoreKeeper.h */ = {isa = PBXFileReference; lastKnownFileType = sourcecode.c.h; path = ScoreKeeper.h; sourceTree = "<group>"; };
		04F4739025E7A5CD009C8768 /* ScoreKeeper.m */ = {isa = PBXFileReference; lastKnownFileType = sourcecode.c.objc; path = ScoreKeeper.m; sourceTree = "<group>"; };
/* End PBXFileReference section */

/* Begin PBXFrameworksBuildPhase section */
		04F4737225E79109009C8768 /* Frameworks */ = {
			isa = PBXFrameworksBuildPhase;
			buildActionMask = 2147483647;
			files = (
			);
			runOnlyForDeploymentPostprocessing = 0;
		};
/* End PBXFrameworksBuildPhase section */

/* Begin PBXGroup section */
		04F4736C25E79109009C8768 = {
			isa = PBXGroup;
			children = (
				04F4737725E79109009C8768 /* Lab3 */,
				04F4737625E79109009C8768 /* Products */,
			);
			sourceTree = "<group>";
		};
		04F4737625E79109009C8768 /* Products */ = {
			isa = PBXGroup;
			children = (
				04F4737525E79109009C8768 /* Lab3 */,
			);
			name = Products;
			sourceTree = "<group>";
		};
		04F4737725E79109009C8768 /* Lab3 */ = {
			isa = PBXGroup;
			children = (
				04F4737825E79109009C8768 /* main.m */,
				04F4738225E7966E009C8768 /* Question.h */,
				04F4738325E7966E009C8768 /* Question.m */,
				043A148525EC139500241F58 /* QuestionFactory.h */,
				043A148625EC139500241F58 /* QuestionFactory.m */,
				043A147F25EC0E5000241F58 /* AdditionQuestion.h */,
				043A148025EC0E5000241F58 /* AdditionQuestion.m */,
				043A148C25EC1CEC00241F58 /* SubstractionQuestion.h */,
				043A148D25EC1CEC00241F58 /* SubstractionQuestion.m */,
				043A149025EC1D1B00241F58 /* MltiplicationQuestion.h */,
				043A149125EC1D1B00241F58 /* MltiplicationQuestion.m */,
				043A149425EC1D4500241F58 /* DivisionQuestion.h */,
				043A149525EC1D4500241F58 /* DivisionQuestion.m */,
				040AB1C925E9C165003DE4BB /* QuestionManager.h */,
				040AB1CA25E9C165003DE4BB /* QuestionManager.m */,
				04F4738825E7A31A009C8768 /* InputHandler.h */,
				04F4738925E7A31A009C8768 /* InputHandler.m */,
				04F4738F25E7A5CD009C8768 /* ScoreKeeper.h */,
				04F4739025E7A5CD009C8768 /* ScoreKeeper.m */,
			);
			path = Lab3;
			sourceTree = "<group>";
		};
/* End PBXGroup section */

/* Begin PBXNativeTarget section */
		04F4737425E79109009C8768 /* Lab3 */ = {
			isa = PBXNativeTarget;
			buildConfigurationList = 04F4737C25E79109009C8768 /* Build configuration list for PBXNativeTarget "Lab3" */;
			buildPhases = (
				04F4737125E79109009C8768 /* Sources */,
				04F4737225E79109009C8768 /* Frameworks */,
				04F4737325E79109009C8768 /* CopyFiles */,
			);
			buildRules = (
			);
			dependencies = (
			);
			name = Lab3;
			productName = Lab3;
			productReference = 04F4737525E79109009C8768 /* Lab3 */;
			productType = "com.apple.product-type.tool";
		};
/* End PBXNativeTarget section */

/* Begin PBXProject section */
		04F4736D25E79109009C8768 /* Project object */ = {
			isa = PBXProject;
			attributes = {
				LastUpgradeCheck = 1230;
				TargetAttributes = {
					04F4737425E79109009C8768 = {
						CreatedOnToolsVersion = 12.3;
					};
				};
			};
			buildConfigurationList = 04F4737025E79109009C8768 /* Build configuration list for PBXProject "Lab3" */;
			compatibilityVersion = "Xcode 9.3";
			developmentRegion = en;
			hasScannedForEncodings = 0;
			knownRegions = (
				en,
				Base,
			);
			mainGroup = 04F4736C25E79109009C8768;
			productRefGroup = 04F4737625E79109009C8768 /* Products */;
			projectDirPath = "";
			projectRoot = "";
			targets = (
				04F4737425E79109009C8768 /* Lab3 */,
			);
		};
/* End PBXProject section */

/* Begin PBXSourcesBuildPhase section */
		04F4737125E79109009C8768 /* Sources */ = {
			isa = PBXSourcesBuildPhase;
			buildActionMask = 2147483647;
			files = (
				040AB1CB25E9C165003DE4BB /* QuestionManager.m in Sources */,
				043A148125EC0E5000241F58 /* AdditionQuestion.m in Sources */,
				043A148E25EC1CEC00241F58 /* SubstractionQuestion.m in Sources */,
				04F4739125E7A5CD009C8768 /* ScoreKeeper.m in Sources */,
				043A149225EC1D1B00241F58 /* MltiplicationQuestion.m in Sources */,
				04F4737925E79109009C8768 /* main.m in Sources */,
				04F4738A25E7A31A009C8768 /* InputHandler.m in Sources */,
				043A148725EC139500241F58 /* QuestionFactory.m in Sources */,
				043A149625EC1D4500241F58 /* DivisionQuestion.m in Sources */,
				04F4738425E7966E009C8768 /* Question.m in Sources */,
			);
			runOnlyForDeploymentPostprocessing = 0;
		};
/* End PBXSourcesBuildPhase section */

/* Begin XCBuildConfiguration section */
		04F4737A25E79109009C8768 /* Debug */ = {
			isa = XCBuildConfiguration;
			buildSettings = {
				ALWAYS_SEARCH_USER_PATHS = NO;
				CLANG_ANALYZER_NONNULL = YES;
				CLANG_ANALYZER_NUMBER_OBJECT_CONVERSION = YES_AGGRESSIVE;
				CLANG_CXX_LANGUAGE_STANDARD = "gnu++14";
				CLANG_CXX_LIBRARY = "libc++";
				CLANG_ENABLE_MODULES = YES;
				CLANG_ENABLE_OBJC_ARC = YES;
				CLANG_ENABLE_OBJC_WEAK = YES;
				CLANG_WARN_BLOCK_CAPTURE_AUTORELEASING = YES;
				CLANG_WARN_BOOL_CONVERSION = YES;
				CLANG_WARN_COMMA = YES;
				CLANG_WARN_CONSTANT_CONVERSION = YES;
				CLANG_WARN_DEPRECATED_OBJC_IMPLEMENTATIONS = YES;
				CLANG_WARN_DIRECT_OBJC_ISA_USAGE = YES_ERROR;
				CLANG_WARN_DOCUMENTATION_COMMENTS = YES;
				CLANG_WARN_EMPTY_BODY = YES;
				CLANG_WARN_ENUM_CONVERSION = YES;
				CLANG_WARN_INFINITE_RECURSION = YES;
				CLANG_WARN_INT_CONVERSION = YES;
				CLANG_WARN_NON_LITERAL_NULL_CONVERSION = YES;
				CLANG_WARN_OBJC_IMPLICIT_RETAIN_SELF = YES;
				CLANG_WARN_OBJC_LITERAL_CONVERSION = YES;
				CLANG_WARN_OBJC_ROOT_CLASS = YES_ERROR;
				CLANG_WARN_QUOTED_INCLUDE_IN_FRAMEWORK_HEADER = YES;
				CLANG_WARN_RANGE_LOOP_ANALYSIS = YES;
				CLANG_WARN_STRICT_PROTOTYPES = YES;
				CLANG_WARN_SUSPICIOUS_MOVE = YES;
				CLANG_WARN_UNGUARDED_AVAILABILITY = YES_AGGRESSIVE;
				CLANG_WARN_UNREACHABLE_CODE = YES;
				CLANG_WARN__DUPLICATE_METHOD_MATCH = YES;
				COPY_PHASE_STRIP = NO;
				DEBUG_INFORMATION_FORMAT = dwarf;
				ENABLE_STRICT_OBJC_MSGSEND = YES;
				ENABLE_TESTABILITY = YES;
				GCC_C_LANGUAGE_STANDARD = gnu11;
				GCC_DYNAMIC_NO_PIC = NO;
				GCC_NO_COMMON_BLOCKS = YES;
				GCC_OPTIMIZATION_LEVEL = 0;
				GCC_PREPROCESSOR_DEFINITIONS = (
					"DEBUG=1",
					"$(inherited)",
				);
				GCC_WARN_64_TO_32_BIT_CONVERSION = YES;
				GCC_WARN_ABOUT_RETURN_TYPE = YES_ERROR;
				GCC_WARN_UNDECLARED_SELECTOR = YES;
				GCC_WARN_UNINITIALIZED_AUTOS = YES_AGGRESSIVE;
				GCC_WARN_UNUSED_FUNCTION = YES;
				GCC_WARN_UNUSED_VARIABLE = YES;
				MACOSX_DEPLOYMENT_TARGET = 10.15;
				MTL_ENABLE_DEBUG_INFO = INCLUDE_SOURCE;
				MTL_FAST_MATH = YES;
				ONLY_ACTIVE_ARCH = YES;
				SDKROOT = macosx;
			};
			name = Debug;
		};
		04F4737B25E79109009C8768 /* Release */ = {
			isa = XCBuildConfiguration;
			buildSettings = {
				ALWAYS_SEARCH_USER_PATHS = NO;
				CLANG_ANALYZER_NONNULL = YES;
				CLANG_ANALYZER_NUMBER_OBJECT_CONVERSION = YES_AGGRESSIVE;
				CLANG_CXX_LANGUAGE_STANDARD = "gnu++14";
				CLANG_CXX_LIBRARY = "libc++";
				CLANG_ENABLE_MODULES = YES;
				CLANG_ENABLE_OBJC_ARC = YES;
				CLANG_ENABLE_OBJC_WEAK = YES;
				CLANG_WARN_BLOCK_CAPTURE_AUTORELEASING = YES;
				CLANG_WARN_BOOL_CONVERSION = YES;
				CLANG_WARN_COMMA = YES;
				CLANG_WARN_CONSTANT_CONVERSION = YES;
				CLANG_WARN_DEPRECATED_OBJC_IMPLEMENTATIONS = YES;
				CLANG_WARN_DIRECT_OBJC_ISA_USAGE = YES_ERROR;
				CLANG_WARN_DOCUMENTATION_COMMENTS = YES;
				CLANG_WARN_EMPTY_BODY = YES;
				CLANG_WARN_ENUM_CONVERSION = YES;
				CLANG_WARN_INFINITE_RECURSION = YES;
				CLANG_WARN_INT_CONVERSION = YES;
				CLANG_WARN_NON_LITERAL_NULL_CONVERSION = YES;
				CLANG_WARN_OBJC_IMPLICIT_RETAIN_SELF = YES;
				CLANG_WARN_OBJC_LITERAL_CONVERSION = YES;
				CLANG_WARN_OBJC_ROOT_CLASS = YES_ERROR;
				CLANG_WARN_QUOTED_INCLUDE_IN_FRAMEWORK_HEADER = YES;
				CLANG_WARN_RANGE_LOOP_ANALYSIS = YES;
				CLANG_WARN_STRICT_PROTOTYPES = YES;
				CLANG_WARN_SUSPICIOUS_MOVE = YES;
				CLANG_WARN_UNGUARDED_AVAILABILITY = YES_AGGRESSIVE;
				CLANG_WARN_UNREACHABLE_CODE = YES;
				CLANG_WARN__DUPLICATE_METHOD_MATCH = YES;
				COPY_PHASE_STRIP = NO;
				DEBUG_INFORMATION_FORMAT = "dwarf-with-dsym";
				ENABLE_NS_ASSERTIONS = NO;
				ENABLE_STRICT_OBJC_MSGSEND = YES;
				GCC_C_LANGUAGE_STANDARD = gnu11;
				GCC_NO_COMMON_BLOCKS = YES;
				GCC_WARN_64_TO_32_BIT_CONVERSION = YES;
				GCC_WARN_ABOUT_RETURN_TYPE = YES_ERROR;
				GCC_WARN_UNDECLARED_SELECTOR = YES;
				GCC_WARN_UNINITIALIZED_AUTOS = YES_AGGRESSIVE;
				GCC_WARN_UNUSED_FUNCTION = YES;
				GCC_WARN_UNUSED_VARIABLE = YES;
				MACOSX_DEPLOYMENT_TARGET = 10.15;
				MTL_ENABLE_DEBUG_INFO = NO;
				MTL_FAST_MATH = YES;
				SDKROOT = macosx;
			};
			name = Release;
		};
		04F4737D25E79109009C8768 /* Debug */ = {
			isa = XCBuildConfiguration;
			buildSettings = {
				CODE_SIGN_STYLE = Automatic;
				DEVELOPMENT_TEAM = 637KJ8SYFF;
				ENABLE_HARDENED_RUNTIME = YES;
				PRODUCT_NAME = "$(TARGET_NAME)";
			};
			name = Debug;
		};
		04F4737E25E79109009C8768 /* Release */ = {
			isa = XCBuildConfiguration;
			buildSettings = {
				CODE_SIGN_STYLE = Automatic;
				DEVELOPMENT_TEAM = 637KJ8SYFF;
				ENABLE_HARDENED_RUNTIME = YES;
				PRODUCT_NAME = "$(TARGET_NAME)";
			};
			name = Release;
		};
/* End XCBuildConfiguration section */

/* Begin XCConfigurationList section */
		04F4737025E79109009C8768 /* Build configuration list for PBXProject "Lab3" */ = {
			isa = XCConfigurationList;
			buildConfigurations = (
				04F4737A25E79109009C8768 /* Debug */,
				04F4737B25E79109009C8768 /* Release */,
			);
			defaultConfigurationIsVisible = 0;
			defaultConfigurationName = Release;
		};
		04F4737C25E79109009C8768 /* Build configuration list for PBXNativeTarget "Lab3" */ = {
			isa = XCConfigurationList;
			buildConfigurations = (
				04F4737D25E79109009C8768 /* Debug */,
				04F4737E25E79109009C8768 /* Release */,
			);
			defaultConfigurationIsVisible = 0;
			defaultConfigurationName = Release;
		};
/* End XCConfigurationList section */
	};
	rootObject = 04F4736D25E79109009C8768 /* Project object */;
}
